
Microsoft Visual Studio Solution File, Format Version 12.00
# Visual Studio Version 17
VisualStudioVersion = 17.3.32922.545
MinimumVisualStudioVersion = 10.0.40219.1
Project("{FAE04EC0-301F-11D3-BF4B-00C04F79EFBC}") = "Loops(GameLoopChallenge)", "Loops(GameLoopChallenge).csproj", "{B1F9E3CD-8CD1-4F8C-8249-4D2196D67E3A}"
EndProject
Global
	GlobalSection(SolutionConfigurationPlatforms) = preSolution
		Debug|Any CPU = Debug|Any CPU
		Release|Any CPU = Release|Any CPU
	EndGlobalSection
	GlobalSection(ProjectConfigurationPlatforms) = postSolution
		{B1F9E3CD-8CD1-4F8C-8249-4D2196D67E3A}.Debug|Any CPU.ActiveCfg = Debug|Any CPU
		{B1F9E3CD-8CD1-4F8C-8249-4D2196D67E3A}.Debug|Any CPU.Build.0 = Debug|Any CPU
		{B1F9E3CD-8CD1-4F8C-8249-4D2196D67E3A}.Release|Any CPU.ActiveCfg = Release|Any CPU
		{B1F9E3CD-8CD1-4F8C-8249-4D2196D67E3A}.Release|Any CPU.Build.0 = Release|Any CPU
	EndGlobalSection
	GlobalSection(SolutionProperties) = preSolution
		HideSolutionNode = FALSE
	EndGlobalSection
	GlobalSection(ExtensibilityGlobals) = postSolution
		SolutionGuid = {0BCA5003-F32A-47AE-AD7D-B463DBEA4706}
	EndGlobalSection
EndGlobal
